// !$*UTF8*$!
{
	archiveVersion = 1;
	classes = {
	};
	objectVersion = 51;
	objects = {

/* Begin PBXBuildFile section */
		563910C5252BACA600169EDA /* PlacesApis.swift in Sources */ = {isa = PBXBuildFile; fileRef = 563910C4252BACA600169EDA /* PlacesApis.swift */; };
		563910C7252BAD0E00169EDA /* Constants.swift in Sources */ = {isa = PBXBuildFile; fileRef = 563910C6252BAD0E00169EDA /* Constants.swift */; };
		563910CD252BB21A00169EDA /* HomeViewModel.swift in Sources */ = {isa = PBXBuildFile; fileRef = 563910CC252BB21A00169EDA /* HomeViewModel.swift */; };
		563910CF252BB28D00169EDA /* HomeScreenState.swift in Sources */ = {isa = PBXBuildFile; fileRef = 563910CE252BB28D00169EDA /* HomeScreenState.swift */; };
		566D4C8F252B81700033D359 /* AppDelegate.swift in Sources */ = {isa = PBXBuildFile; fileRef = 566D4C8E252B81700033D359 /* AppDelegate.swift */; };
		566D4C91252B81700033D359 /* SceneDelegate.swift in Sources */ = {isa = PBXBuildFile; fileRef = 566D4C90252B81700033D359 /* SceneDelegate.swift */; };
		566D4C93252B81700033D359 /* HomeViewController.swift in Sources */ = {isa = PBXBuildFile; fileRef = 566D4C92252B81700033D359 /* HomeViewController.swift */; };
		566D4C96252B81700033D359 /* Main.storyboard in Resources */ = {isa = PBXBuildFile; fileRef = 566D4C94252B81700033D359 /* Main.storyboard */; };
		566D4C98252B81710033D359 /* Assets.xcassets in Resources */ = {isa = PBXBuildFile; fileRef = 566D4C97252B81710033D359 /* Assets.xcassets */; };
		566D4C9B252B81710033D359 /* LaunchScreen.storyboard in Resources */ = {isa = PBXBuildFile; fileRef = 566D4C99252B81710033D359 /* LaunchScreen.storyboard */; };
		566D4CA3252B81FE0033D359 /* SideMenuViewController.swift in Sources */ = {isa = PBXBuildFile; fileRef = 566D4CA2252B81FE0033D359 /* SideMenuViewController.swift */; };
		566D4CA5252B8AAB0033D359 /* ProfileViewController.swift in Sources */ = {isa = PBXBuildFile; fileRef = 566D4CA4252B8AAB0033D359 /* ProfileViewController.swift */; };
		566D4CA7252B8C980033D359 /* TermsAndConditionsViewController.swift in Sources */ = {isa = PBXBuildFile; fileRef = 566D4CA6252B8C980033D359 /* TermsAndConditionsViewController.swift */; };
		566D4CAB252B986F0033D359 /* PlacesDataSource.swift in Sources */ = {isa = PBXBuildFile; fileRef = 566D4CAA252B986F0033D359 /* PlacesDataSource.swift */; };
		566D4CAD252B98BF0033D359 /* PlacesResponse.swift in Sources */ = {isa = PBXBuildFile; fileRef = 566D4CAC252B98BF0033D359 /* PlacesResponse.swift */; };
		566D4CAF252B9A660033D359 /* PlacesUseCases.swift in Sources */ = {isa = PBXBuildFile; fileRef = 566D4CAE252B9A660033D359 /* PlacesUseCases.swift */; };
		566D4CB1252B9B210033D359 /* MoyaPlacesDataSource.swift in Sources */ = {isa = PBXBuildFile; fileRef = 566D4CB0252B9B210033D359 /* MoyaPlacesDataSource.swift */; };
		56D09D7A252C95EC0025A043 /* ProfileViewModel.swift in Sources */ = {isa = PBXBuildFile; fileRef = 56D09D79252C95EC0025A043 /* ProfileViewModel.swift */; };
		56D09D7D252C96000025A043 /* ProfileUseCases.swift in Sources */ = {isa = PBXBuildFile; fileRef = 56D09D7C252C96000025A043 /* ProfileUseCases.swift */; };
		56F27046252BD42C00960CB3 /* PlaceTableViewCell.swift in Sources */ = {isa = PBXBuildFile; fileRef = 56F27044252BD42C00960CB3 /* PlaceTableViewCell.swift */; };
		56F27047252BD42C00960CB3 /* PlaceTableViewCell.xib in Resources */ = {isa = PBXBuildFile; fileRef = 56F27045252BD42C00960CB3 /* PlaceTableViewCell.xib */; };
		56F2704A252C01D500960CB3 /* LoginAndRegisterViewController.swift in Sources */ = {isa = PBXBuildFile; fileRef = 56F27049252C01D500960CB3 /* LoginAndRegisterViewController.swift */; };
		56F2704C252C6FBD00960CB3 /* LocalData.swift in Sources */ = {isa = PBXBuildFile; fileRef = 56F2704B252C6FBD00960CB3 /* LocalData.swift */; };
		56F2704E252C72EB00960CB3 /* LoginUseCases.swift in Sources */ = {isa = PBXBuildFile; fileRef = 56F2704D252C72EB00960CB3 /* LoginUseCases.swift */; };
		56F27051252C737E00960CB3 /* LoginViewModel.swift in Sources */ = {isa = PBXBuildFile; fileRef = 56F27050252C737E00960CB3 /* LoginViewModel.swift */; };
		56F27053252C752700960CB3 /* LoginScreenState.swift in Sources */ = {isa = PBXBuildFile; fileRef = 56F27052252C752700960CB3 /* LoginScreenState.swift */; };
		7B88ADF68E0C8808D459E06E /* Pods_Kiwe_iOS_task.framework in Frameworks */ = {isa = PBXBuildFile; fileRef = 126879E6146583FF408A798A /* Pods_Kiwe_iOS_task.framework */; };
/* End PBXBuildFile section */

/* Begin PBXFileReference section */
		126879E6146583FF408A798A /* Pods_Kiwe_iOS_task.framework */ = {isa = PBXFileReference; explicitFileType = wrapper.framework; includeInIndex = 0; path = Pods_Kiwe_iOS_task.framework; sourceTree = BUILT_PRODUCTS_DIR; };
		3D14486AF43ED90190D6B259 /* Pods-Kiwe iOS task.release.xcconfig */ = {isa = PBXFileReference; includeInIndex = 1; lastKnownFileType = text.xcconfig; name = "Pods-Kiwe iOS task.release.xcconfig"; path = "Target Support Files/Pods-Kiwe iOS task/Pods-Kiwe iOS task.release.xcconfig"; sourceTree = "<group>"; };
		4AD112703ED499E0F79A3D1C /* Pods-Kiwe iOS task.debug.xcconfig */ = {isa = PBXFileReference; includeInIndex = 1; lastKnownFileType = text.xcconfig; name = "Pods-Kiwe iOS task.debug.xcconfig"; path = "Target Support Files/Pods-Kiwe iOS task/Pods-Kiwe iOS task.debug.xcconfig"; sourceTree = "<group>"; };
		563910C4252BACA600169EDA /* PlacesApis.swift */ = {isa = PBXFileReference; lastKnownFileType = sourcecode.swift; path = PlacesApis.swift; sourceTree = "<group>"; };
		563910C6252BAD0E00169EDA /* Constants.swift */ = {isa = PBXFileReference; lastKnownFileType = sourcecode.swift; path = Constants.swift; sourceTree = "<group>"; };
		563910CC252BB21A00169EDA /* HomeViewModel.swift */ = {isa = PBXFileReference; lastKnownFileType = sourcecode.swift; path = HomeViewModel.swift; sourceTree = "<group>"; };
		563910CE252BB28D00169EDA /* HomeScreenState.swift */ = {isa = PBXFileReference; lastKnownFileType = sourcecode.swift; path = HomeScreenState.swift; sourceTree = "<group>"; };
		566D4C8B252B81700033D359 /* Kiwe iOS task.app */ = {isa = PBXFileReference; explicitFileType = wrapper.application; includeInIndex = 0; path = "Kiwe iOS task.app"; sourceTree = BUILT_PRODUCTS_DIR; };
		566D4C8E252B81700033D359 /* AppDelegate.swift */ = {isa = PBXFileReference; lastKnownFileType = sourcecode.swift; path = AppDelegate.swift; sourceTree = "<group>"; };
		566D4C90252B81700033D359 /* SceneDelegate.swift */ = {isa = PBXFileReference; lastKnownFileType = sourcecode.swift; path = SceneDelegate.swift; sourceTree = "<group>"; };
		566D4C92252B81700033D359 /* HomeViewController.swift */ = {isa = PBXFileReference; lastKnownFileType = sourcecode.swift; path = HomeViewController.swift; sourceTree = "<group>"; };
		566D4C95252B81700033D359 /* Base */ = {isa = PBXFileReference; lastKnownFileType = file.storyboard; name = Base; path = Base.lproj/Main.storyboard; sourceTree = "<group>"; };
		566D4C97252B81710033D359 /* Assets.xcassets */ = {isa = PBXFileReference; lastKnownFileType = folder.assetcatalog; path = Assets.xcassets; sourceTree = "<group>"; };
		566D4C9A252B81710033D359 /* Base */ = {isa = PBXFileReference; lastKnownFileType = file.storyboard; name = Base; path = Base.lproj/LaunchScreen.storyboard; sourceTree = "<group>"; };
		566D4C9C252B81710033D359 /* Info.plist */ = {isa = PBXFileReference; lastKnownFileType = text.plist.xml; path = Info.plist; sourceTree = "<group>"; };
		566D4CA2252B81FE0033D359 /* SideMenuViewController.swift */ = {isa = PBXFileReference; lastKnownFileType = sourcecode.swift; path = SideMenuViewController.swift; sourceTree = "<group>"; };
		566D4CA4252B8AAB0033D359 /* ProfileViewController.swift */ = {isa = PBXFileReference; lastKnownFileType = sourcecode.swift; path = ProfileViewController.swift; sourceTree = "<group>"; };
		566D4CA6252B8C980033D359 /* TermsAndConditionsViewController.swift */ = {isa = PBXFileReference; lastKnownFileType = sourcecode.swift; path = TermsAndConditionsViewController.swift; sourceTree = "<group>"; };
		566D4CAA252B986F0033D359 /* PlacesDataSource.swift */ = {isa = PBXFileReference; lastKnownFileType = sourcecode.swift; path = PlacesDataSource.swift; sourceTree = "<group>"; };
		566D4CAC252B98BF0033D359 /* PlacesResponse.swift */ = {isa = PBXFileReference; lastKnownFileType = sourcecode.swift; path = PlacesResponse.swift; sourceTree = "<group>"; };
		566D4CAE252B9A660033D359 /* PlacesUseCases.swift */ = {isa = PBXFileReference; lastKnownFileType = sourcecode.swift; path = PlacesUseCases.swift; sourceTree = "<group>"; };
		566D4CB0252B9B210033D359 /* MoyaPlacesDataSource.swift */ = {isa = PBXFileReference; lastKnownFileType = sourcecode.swift; path = MoyaPlacesDataSource.swift; sourceTree = "<group>"; };
		56D09D79252C95EC0025A043 /* ProfileViewModel.swift */ = {isa = PBXFileReference; lastKnownFileType = sourcecode.swift; path = ProfileViewModel.swift; sourceTree = "<group>"; };
		56D09D7C252C96000025A043 /* ProfileUseCases.swift */ = {isa = PBXFileReference; lastKnownFileType = sourcecode.swift; path = ProfileUseCases.swift; sourceTree = "<group>"; };
		56F27044252BD42C00960CB3 /* PlaceTableViewCell.swift */ = {isa = PBXFileReference; lastKnownFileType = sourcecode.swift; path = PlaceTableViewCell.swift; sourceTree = "<group>"; };
		56F27045252BD42C00960CB3 /* PlaceTableViewCell.xib */ = {isa = PBXFileReference; lastKnownFileType = file.xib; path = PlaceTableViewCell.xib; sourceTree = "<group>"; };
		56F27049252C01D500960CB3 /* LoginAndRegisterViewController.swift */ = {isa = PBXFileReference; lastKnownFileType = sourcecode.swift; path = LoginAndRegisterViewController.swift; sourceTree = "<group>"; };
		56F2704B252C6FBD00960CB3 /* LocalData.swift */ = {isa = PBXFileReference; lastKnownFileType = sourcecode.swift; path = LocalData.swift; sourceTree = "<group>"; };
		56F2704D252C72EB00960CB3 /* LoginUseCases.swift */ = {isa = PBXFileReference; lastKnownFileType = sourcecode.swift; path = LoginUseCases.swift; sourceTree = "<group>"; };
		56F27050252C737E00960CB3 /* LoginViewModel.swift */ = {isa = PBXFileReference; lastKnownFileType = sourcecode.swift; path = LoginViewModel.swift; sourceTree = "<group>"; };
		56F27052252C752700960CB3 /* LoginScreenState.swift */ = {isa = PBXFileReference; lastKnownFileType = sourcecode.swift; path = LoginScreenState.swift; sourceTree = "<group>"; };
/* End PBXFileReference section */

/* Begin PBXFrameworksBuildPhase section */
		566D4C88252B81700033D359 /* Frameworks */ = {
			isa = PBXFrameworksBuildPhase;
			buildActionMask = 2147483647;
			files = (
				7B88ADF68E0C8808D459E06E /* Pods_Kiwe_iOS_task.framework in Frameworks */,
			);
			runOnlyForDeploymentPostprocessing = 0;
		};
/* End PBXFrameworksBuildPhase section */

/* Begin PBXGroup section */
		33423A7ECA42287657F4A37F /* Frameworks */ = {
			isa = PBXGroup;
			children = (
				126879E6146583FF408A798A /* Pods_Kiwe_iOS_task.framework */,
			);
			name = Frameworks;
			sourceTree = "<group>";
		};
		5616E972252C91B7001B3A52 /* Resources */ = {
			isa = PBXGroup;
			children = (
			);
			path = Resources;
			sourceTree = "<group>";
		};
		5616E973252C920F001B3A52 /* Profile */ = {
			isa = PBXGroup;
			children = (
				56D09D7B252C95F10025A043 /* ViewModel */,
				5616E974252C9218001B3A52 /* ViewController */,
			);
			path = Profile;
			sourceTree = "<group>";
		};
		5616E974252C9218001B3A52 /* ViewController */ = {
			isa = PBXGroup;
			children = (
				566D4CA4252B8AAB0033D359 /* ProfileViewController.swift */,
			);
			path = ViewController;
			sourceTree = "<group>";
		};
		5616E975252C923F001B3A52 /* Cells */ = {
			isa = PBXGroup;
			children = (
				56F27044252BD42C00960CB3 /* PlaceTableViewCell.swift */,
				56F27045252BD42C00960CB3 /* PlaceTableViewCell.xib */,
			);
			path = Cells;
			sourceTree = "<group>";
		};
		5616E976252C9259001B3A52 /* SideMenu */ = {
			isa = PBXGroup;
			children = (
				5616E977252C9266001B3A52 /* ViewController */,
			);
			path = SideMenu;
			sourceTree = "<group>";
		};
		5616E977252C9266001B3A52 /* ViewController */ = {
			isa = PBXGroup;
			children = (
				566D4CA2252B81FE0033D359 /* SideMenuViewController.swift */,
			);
			path = ViewController;
			sourceTree = "<group>";
		};
		5616E978252C9288001B3A52 /* Terms and conditions */ = {
			isa = PBXGroup;
			children = (
				5616E979252C9298001B3A52 /* ViewController */,
			);
			path = "Terms and conditions";
			sourceTree = "<group>";
		};
		5616E979252C9298001B3A52 /* ViewController */ = {
			isa = PBXGroup;
			children = (
				566D4CA6252B8C980033D359 /* TermsAndConditionsViewController.swift */,
			);
			path = ViewController;
			sourceTree = "<group>";
		};
		563910C8252BB1E100169EDA /* Modules */ = {
			isa = PBXGroup;
			children = (
				5616E978252C9288001B3A52 /* Terms and conditions */,
				5616E976252C9259001B3A52 /* SideMenu */,
				5616E973252C920F001B3A52 /* Profile */,
				56F27048252C017300960CB3 /* Login and Registration */,
				563910CA252BB1FA00169EDA /* Home */,
			);
			path = Modules;
			sourceTree = "<group>";
		};
		563910C9252BB1F000169EDA /* ViewController */ = {
			isa = PBXGroup;
			children = (
				566D4C92252B81700033D359 /* HomeViewController.swift */,
				563910CE252BB28D00169EDA /* HomeScreenState.swift */,
			);
			path = ViewController;
			sourceTree = "<group>";
		};
		563910CA252BB1FA00169EDA /* Home */ = {
			isa = PBXGroup;
			children = (
				563910CB252BB20A00169EDA /* ViewModel */,
				563910C9252BB1F000169EDA /* ViewController */,
			);
			path = Home;
			sourceTree = "<group>";
		};
		563910CB252BB20A00169EDA /* ViewModel */ = {
			isa = PBXGroup;
			children = (
				563910CC252BB21A00169EDA /* HomeViewModel.swift */,
			);
			path = ViewModel;
			sourceTree = "<group>";
		};
		566D4C82252B81700033D359 = {
			isa = PBXGroup;
			children = (
				566D4C8D252B81700033D359 /* Kiwe iOS task */,
				5616E972252C91B7001B3A52 /* Resources */,
				566D4C8C252B81700033D359 /* Products */,
				644CF83EA0D44284B96980D7 /* Pods */,
				33423A7ECA42287657F4A37F /* Frameworks */,
			);
			sourceTree = "<group>";
		};
		566D4C8C252B81700033D359 /* Products */ = {
			isa = PBXGroup;
			children = (
				566D4C8B252B81700033D359 /* Kiwe iOS task.app */,
			);
			name = Products;
			sourceTree = "<group>";
		};
		566D4C8D252B81700033D359 /* Kiwe iOS task */ = {
			isa = PBXGroup;
			children = (
				566D4CB5252B9BBC0033D359 /* Domain */,
				566D4CB2252B9B920033D359 /* Data */,
				563910C8252BB1E100169EDA /* Modules */,
				5616E975252C923F001B3A52 /* Cells */,
				566D4C8E252B81700033D359 /* AppDelegate.swift */,
				566D4C90252B81700033D359 /* SceneDelegate.swift */,
				566D4C94252B81700033D359 /* Main.storyboard */,
				566D4C97252B81710033D359 /* Assets.xcassets */,
				566D4C9C252B81710033D359 /* Info.plist */,
				566D4C99252B81710033D359 /* LaunchScreen.storyboard */,
				563910C6252BAD0E00169EDA /* Constants.swift */,
			);
			path = "Kiwe iOS task";
			sourceTree = "<group>";
		};
		566D4CA8252B96AC0033D359 /* Data source */ = {
			isa = PBXGroup;
			children = (
				566D4CAA252B986F0033D359 /* PlacesDataSource.swift */,
			);
			path = "Data source";
			sourceTree = "<group>";
		};
		566D4CA9252B96C10033D359 /* UseCases */ = {
			isa = PBXGroup;
			children = (
				566D4CAE252B9A660033D359 /* PlacesUseCases.swift */,
				56F2704D252C72EB00960CB3 /* LoginUseCases.swift */,
				56D09D7C252C96000025A043 /* ProfileUseCases.swift */,
			);
			path = UseCases;
			sourceTree = "<group>";
		};
		566D4CB2252B9B920033D359 /* Data */ = {
			isa = PBXGroup;
			children = (
				566D4CA8252B96AC0033D359 /* Data source */,
				566D4CB4252B9BA60033D359 /* Remote */,
				566D4CB3252B9BA20033D359 /* Local */,
			);
			path = Data;
			sourceTree = "<group>";
		};
		566D4CB3252B9BA20033D359 /* Local */ = {
			isa = PBXGroup;
			children = (
				56F2704B252C6FBD00960CB3 /* LocalData.swift */,
			);
			path = Local;
			sourceTree = "<group>";
		};
		566D4CB4252B9BA60033D359 /* Remote */ = {
			isa = PBXGroup;
			children = (
				566D4CB0252B9B210033D359 /* MoyaPlacesDataSource.swift */,
				563910C4252BACA600169EDA /* PlacesApis.swift */,
			);
			path = Remote;
			sourceTree = "<group>";
		};
		566D4CB5252B9BBC0033D359 /* Domain */ = {
			isa = PBXGroup;
			children = (
				566D4CB6252B9BE30033D359 /* Model */,
				566D4CA9252B96C10033D359 /* UseCases */,
			);
			path = Domain;
			sourceTree = "<group>";
		};
		566D4CB6252B9BE30033D359 /* Model */ = {
			isa = PBXGroup;
			children = (
				566D4CAC252B98BF0033D359 /* PlacesResponse.swift */,
			);
			path = Model;
			sourceTree = "<group>";
		};
		56A22BF7252CAF68007C3C1B /* ViewController */ = {
			isa = PBXGroup;
			children = (
				56F27049252C01D500960CB3 /* LoginAndRegisterViewController.swift */,
			);
			path = ViewController;
			sourceTree = "<group>";
		};
		56A22BF8252CAF75007C3C1B /* ScreenData */ = {
			isa = PBXGroup;
			children = (
				56F27052252C752700960CB3 /* LoginScreenState.swift */,
			);
			path = ScreenData;
			sourceTree = "<group>";
		};
		56D09D7B252C95F10025A043 /* ViewModel */ = {
			isa = PBXGroup;
			children = (
				56D09D79252C95EC0025A043 /* ProfileViewModel.swift */,
			);
			path = ViewModel;
			sourceTree = "<group>";
		};
		56F27048252C017300960CB3 /* Login and Registration */ = {
			isa = PBXGroup;
			children = (
				56A22BF8252CAF75007C3C1B /* ScreenData */,
				56A22BF7252CAF68007C3C1B /* ViewController */,
				56F2704F252C737300960CB3 /* ViewModel */,
			);
			path = "Login and Registration";
			sourceTree = "<group>";
		};
		56F2704F252C737300960CB3 /* ViewModel */ = {
			isa = PBXGroup;
			children = (
				56F27050252C737E00960CB3 /* LoginViewModel.swift */,
			);
			path = ViewModel;
			sourceTree = "<group>";
		};
		644CF83EA0D44284B96980D7 /* Pods */ = {
			isa = PBXGroup;
			children = (
				4AD112703ED499E0F79A3D1C /* Pods-Kiwe iOS task.debug.xcconfig */,
				3D14486AF43ED90190D6B259 /* Pods-Kiwe iOS task.release.xcconfig */,
			);
			path = Pods;
			sourceTree = "<group>";
		};
/* End PBXGroup section */

/* Begin PBXNativeTarget section */
		566D4C8A252B81700033D359 /* Kiwe iOS task */ = {
			isa = PBXNativeTarget;
			buildConfigurationList = 566D4C9F252B81710033D359 /* Build configuration list for PBXNativeTarget "Kiwe iOS task" */;
			buildPhases = (
				71CE3058587AAF55EC640B87 /* [CP] Check Pods Manifest.lock */,
				566D4C87252B81700033D359 /* Sources */,
				566D4C88252B81700033D359 /* Frameworks */,
				566D4C89252B81700033D359 /* Resources */,
				8260F96706744B2133F7D4DE /* [CP] Embed Pods Frameworks */,
				7B45447B413A5A6D781B9862 /* [CP] Copy Pods Resources */,
			);
			buildRules = (
			);
			dependencies = (
			);
			name = "Kiwe iOS task";
			productName = "Kiwe iOS task";
			productReference = 566D4C8B252B81700033D359 /* Kiwe iOS task.app */;
			productType = "com.apple.product-type.application";
		};
/* End PBXNativeTarget section */

/* Begin PBXProject section */
		566D4C83252B81700033D359 /* Project object */ = {
			isa = PBXProject;
			attributes = {
				LastSwiftUpdateCheck = 1160;
				LastUpgradeCheck = 1160;
				ORGANIZATIONNAME = "Abdalla Shawky";
				TargetAttributes = {
					566D4C8A252B81700033D359 = {
						CreatedOnToolsVersion = 11.6;
					};
				};
			};
			buildConfigurationList = 566D4C86252B81700033D359 /* Build configuration list for PBXProject "Kiwe iOS task" */;
			compatibilityVersion = "Xcode 9.3";
			developmentRegion = en;
			hasScannedForEncodings = 0;
			knownRegions = (
				en,
				Base,
			);
			mainGroup = 566D4C82252B81700033D359;
			productRefGroup = 566D4C8C252B81700033D359 /* Products */;
			projectDirPath = "";
			projectRoot = "";
			targets = (
				566D4C8A252B81700033D359 /* Kiwe iOS task */,
			);
		};
/* End PBXProject section */

/* Begin PBXResourcesBuildPhase section */
		566D4C89252B81700033D359 /* Resources */ = {
			isa = PBXResourcesBuildPhase;
			buildActionMask = 2147483647;
			files = (
				566D4C9B252B81710033D359 /* LaunchScreen.storyboard in Resources */,
				566D4C98252B81710033D359 /* Assets.xcassets in Resources */,
				566D4C96252B81700033D359 /* Main.storyboard in Resources */,
				56F27047252BD42C00960CB3 /* PlaceTableViewCell.xib in Resources */,
			);
			runOnlyForDeploymentPostprocessing = 0;
		};
/* End PBXResourcesBuildPhase section */

/* Begin PBXShellScriptBuildPhase section */
		71CE3058587AAF55EC640B87 /* [CP] Check Pods Manifest.lock */ = {
			isa = PBXShellScriptBuildPhase;
			buildActionMask = 2147483647;
			files = (
			);
			inputFileListPaths = (
			);
			inputPaths = (
				"${PODS_PODFILE_DIR_PATH}/Podfile.lock",
				"${PODS_ROOT}/Manifest.lock",
			);
			name = "[CP] Check Pods Manifest.lock";
			outputFileListPaths = (
			);
			outputPaths = (
				"$(DERIVED_FILE_DIR)/Pods-Kiwe iOS task-checkManifestLockResult.txt",
			);
			runOnlyForDeploymentPostprocessing = 0;
			shellPath = /bin/sh;
			shellScript = "diff \"${PODS_PODFILE_DIR_PATH}/Podfile.lock\" \"${PODS_ROOT}/Manifest.lock\" > /dev/null\nif [ $? != 0 ] ; then\n    # print error to STDERR\n    echo \"error: The sandbox is not in sync with the Podfile.lock. Run 'pod install' or update your CocoaPods installation.\" >&2\n    exit 1\nfi\n# This output is used by Xcode 'outputs' to avoid re-running this script phase.\necho \"SUCCESS\" > \"${SCRIPT_OUTPUT_FILE_0}\"\n";
			showEnvVarsInLog = 0;
		};
		7B45447B413A5A6D781B9862 /* [CP] Copy Pods Resources */ = {
			isa = PBXShellScriptBuildPhase;
			buildActionMask = 2147483647;
			files = (
			);
			inputFileListPaths = (
				"${PODS_ROOT}/Target Support Files/Pods-Kiwe iOS task/Pods-Kiwe iOS task-resources-${CONFIGURATION}-input-files.xcfilelist",
			);
			name = "[CP] Copy Pods Resources";
			outputFileListPaths = (
				"${PODS_ROOT}/Target Support Files/Pods-Kiwe iOS task/Pods-Kiwe iOS task-resources-${CONFIGURATION}-output-files.xcfilelist",
			);
			runOnlyForDeploymentPostprocessing = 0;
			shellPath = /bin/sh;
			shellScript = "\"${PODS_ROOT}/Target Support Files/Pods-Kiwe iOS task/Pods-Kiwe iOS task-resources.sh\"\n";
			showEnvVarsInLog = 0;
		};
		8260F96706744B2133F7D4DE /* [CP] Embed Pods Frameworks */ = {
			isa = PBXShellScriptBuildPhase;
			buildActionMask = 2147483647;
			files = (
			);
			inputFileListPaths = (
				"${PODS_ROOT}/Target Support Files/Pods-Kiwe iOS task/Pods-Kiwe iOS task-frameworks-${CONFIGURATION}-input-files.xcfilelist",
			);
			name = "[CP] Embed Pods Frameworks";
			outputFileListPaths = (
				"${PODS_ROOT}/Target Support Files/Pods-Kiwe iOS task/Pods-Kiwe iOS task-frameworks-${CONFIGURATION}-output-files.xcfilelist",
			);
			runOnlyForDeploymentPostprocessing = 0;
			shellPath = /bin/sh;
			shellScript = "\"${PODS_ROOT}/Target Support Files/Pods-Kiwe iOS task/Pods-Kiwe iOS task-frameworks.sh\"\n";
			showEnvVarsInLog = 0;
		};
/* End PBXShellScriptBuildPhase section */

/* Begin PBXSourcesBuildPhase section */
		566D4C87252B81700033D359 /* Sources */ = {
			isa = PBXSourcesBuildPhase;
			buildActionMask = 2147483647;
			files = (
				566D4CA3252B81FE0033D359 /* SideMenuViewController.swift in Sources */,
				566D4C93252B81700033D359 /* HomeViewController.swift in Sources */,
				563910CF252BB28D00169EDA /* HomeScreenState.swift in Sources */,
				56F2704E252C72EB00960CB3 /* LoginUseCases.swift in Sources */,
				56F27053252C752700960CB3 /* LoginScreenState.swift in Sources */,
				566D4CAF252B9A660033D359 /* PlacesUseCases.swift in Sources */,
				56D09D7A252C95EC0025A043 /* ProfileViewModel.swift in Sources */,
				566D4CAB252B986F0033D359 /* PlacesDataSource.swift in Sources */,
				566D4CA7252B8C980033D359 /* TermsAndConditionsViewController.swift in Sources */,
				566D4CA5252B8AAB0033D359 /* ProfileViewController.swift in Sources */,
				56F27051252C737E00960CB3 /* LoginViewModel.swift in Sources */,
				566D4CB1252B9B210033D359 /* MoyaPlacesDataSource.swift in Sources */,
				566D4C8F252B81700033D359 /* AppDelegate.swift in Sources */,
				56F2704C252C6FBD00960CB3 /* LocalData.swift in Sources */,
				563910CD252BB21A00169EDA /* HomeViewModel.swift in Sources */,
				563910C5252BACA600169EDA /* PlacesApis.swift in Sources */,
				56F27046252BD42C00960CB3 /* PlaceTableViewCell.swift in Sources */,
				56D09D7D252C96000025A043 /* ProfileUseCases.swift in Sources */,
				566D4CAD252B98BF0033D359 /* PlacesResponse.swift in Sources */,
				566D4C91252B81700033D359 /* SceneDelegate.swift in Sources */,
				563910C7252BAD0E00169EDA /* Constants.swift in Sources */,
				56F2704A252C01D500960CB3 /* LoginAndRegisterViewController.swift in Sources */,
			);
			runOnlyForDeploymentPostprocessing = 0;
		};
/* End PBXSourcesBuildPhase section */

/* Begin PBXVariantGroup section */
		566D4C94252B81700033D359 /* Main.storyboard */ = {
			isa = PBXVariantGroup;
			children = (
				566D4C95252B81700033D359 /* Base */,
			);
			name = Main.storyboard;
			sourceTree = "<group>";
		};
		566D4C99252B81710033D359 /* LaunchScreen.storyboard */ = {
			isa = PBXVariantGroup;
			children = (
				566D4C9A252B81710033D359 /* Base */,
			);
			name = LaunchScreen.storyboard;
			sourceTree = "<group>";
		};
/* End PBXVariantGroup section */

/* Begin XCBuildConfiguration section */
		566D4C9D252B81710033D359 /* Debug */ = {
			isa = XCBuildConfiguration;
			buildSettings = {
				ALWAYS_SEARCH_USER_PATHS = NO;
				CLANG_ANALYZER_NONNULL = YES;
				CLANG_ANALYZER_NUMBER_OBJECT_CONVERSION = YES_AGGRESSIVE;
				CLANG_CXX_LANGUAGE_STANDARD = "gnu++14";
				CLANG_CXX_LIBRARY = "libc++";
				CLANG_ENABLE_MODULES = YES;
				CLANG_ENABLE_OBJC_ARC = YES;
				CLANG_ENABLE_OBJC_WEAK = YES;
				CLANG_WARN_BLOCK_CAPTURE_AUTORELEASING = YES;
				CLANG_WARN_BOOL_CONVERSION = YES;
				CLANG_WARN_COMMA = YES;
				CLANG_WARN_CONSTANT_CONVERSION = YES;
				CLANG_WARN_DEPRECATED_OBJC_IMPLEMENTATIONS = YES;
				CLANG_WARN_DIRECT_OBJC_ISA_USAGE = YES_ERROR;
				CLANG_WARN_DOCUMENTATION_COMMENTS = YES;
				CLANG_WARN_EMPTY_BODY = YES;
				CLANG_WARN_ENUM_CONVERSION = YES;
				CLANG_WARN_INFINITE_RECURSION = YES;
				CLANG_WARN_INT_CONVERSION = YES;
				CLANG_WARN_NON_LITERAL_NULL_CONVERSION = YES;
				CLANG_WARN_OBJC_IMPLICIT_RETAIN_SELF = YES;
				CLANG_WARN_OBJC_LITERAL_CONVERSION = YES;
				CLANG_WARN_OBJC_ROOT_CLASS = YES_ERROR;
				CLANG_WARN_RANGE_LOOP_ANALYSIS = YES;
				CLANG_WARN_STRICT_PROTOTYPES = YES;
				CLANG_WARN_SUSPICIOUS_MOVE = YES;
				CLANG_WARN_UNGUARDED_AVAILABILITY = YES_AGGRESSIVE;
				CLANG_WARN_UNREACHABLE_CODE = YES;
				CLANG_WARN__DUPLICATE_METHOD_MATCH = YES;
				COPY_PHASE_STRIP = NO;
				DEBUG_INFORMATION_FORMAT = dwarf;
				ENABLE_STRICT_OBJC_MSGSEND = YES;
				ENABLE_TESTABILITY = YES;
				GCC_C_LANGUAGE_STANDARD = gnu11;
				GCC_DYNAMIC_NO_PIC = NO;
				GCC_NO_COMMON_BLOCKS = YES;
				GCC_OPTIMIZATION_LEVEL = 0;
				GCC_PREPROCESSOR_DEFINITIONS = (
					"DEBUG=1",
					"$(inherited)",
				);
				GCC_WARN_64_TO_32_BIT_CONVERSION = YES;
				GCC_WARN_ABOUT_RETURN_TYPE = YES_ERROR;
				GCC_WARN_UNDECLARED_SELECTOR = YES;
				GCC_WARN_UNINITIALIZED_AUTOS = YES_AGGRESSIVE;
				GCC_WARN_UNUSED_FUNCTION = YES;
				GCC_WARN_UNUSED_VARIABLE = YES;
				IPHONEOS_DEPLOYMENT_TARGET = 13.6;
				MTL_ENABLE_DEBUG_INFO = INCLUDE_SOURCE;
				MTL_FAST_MATH = YES;
				ONLY_ACTIVE_ARCH = YES;
				SDKROOT = iphoneos;
				SWIFT_ACTIVE_COMPILATION_CONDITIONS = DEBUG;
				SWIFT_OPTIMIZATION_LEVEL = "-Onone";
			};
			name = Debug;
		};
		566D4C9E252B81710033D359 /* Release */ = {
			isa = XCBuildConfiguration;
			buildSettings = {
				ALWAYS_SEARCH_USER_PATHS = NO;
				CLANG_ANALYZER_NONNULL = YES;
				CLANG_ANALYZER_NUMBER_OBJECT_CONVERSION = YES_AGGRESSIVE;
				CLANG_CXX_LANGUAGE_STANDARD = "gnu++14";
				CLANG_CXX_LIBRARY = "libc++";
				CLANG_ENABLE_MODULES = YES;
				CLANG_ENABLE_OBJC_ARC = YES;
				CLANG_ENABLE_OBJC_WEAK = YES;
				CLANG_WARN_BLOCK_CAPTURE_AUTORELEASING = YES;
				CLANG_WARN_BOOL_CONVERSION = YES;
				CLANG_WARN_COMMA = YES;
				CLANG_WARN_CONSTANT_CONVERSION = YES;
				CLANG_WARN_DEPRECATED_OBJC_IMPLEMENTATIONS = YES;
				CLANG_WARN_DIRECT_OBJC_ISA_USAGE = YES_ERROR;
				CLANG_WARN_DOCUMENTATION_COMMENTS = YES;
				CLANG_WARN_EMPTY_BODY = YES;
				CLANG_WARN_ENUM_CONVERSION = YES;
				CLANG_WARN_INFINITE_RECURSION = YES;
				CLANG_WARN_INT_CONVERSION = YES;
				CLANG_WARN_NON_LITERAL_NULL_CONVERSION = YES;
				CLANG_WARN_OBJC_IMPLICIT_RETAIN_SELF = YES;
				CLANG_WARN_OBJC_LITERAL_CONVERSION = YES;
				CLANG_WARN_OBJC_ROOT_CLASS = YES_ERROR;
				CLANG_WARN_RANGE_LOOP_ANALYSIS = YES;
				CLANG_WARN_STRICT_PROTOTYPES = YES;
				CLANG_WARN_SUSPICIOUS_MOVE = YES;
				CLANG_WARN_UNGUARDED_AVAILABILITY = YES_AGGRESSIVE;
				CLANG_WARN_UNREACHABLE_CODE = YES;
				CLANG_WARN__DUPLICATE_METHOD_MATCH = YES;
				COPY_PHASE_STRIP = NO;
				DEBUG_INFORMATION_FORMAT = "dwarf-with-dsym";
				ENABLE_NS_ASSERTIONS = NO;
				ENABLE_STRICT_OBJC_MSGSEND = YES;
				GCC_C_LANGUAGE_STANDARD = gnu11;
				GCC_NO_COMMON_BLOCKS = YES;
				GCC_WARN_64_TO_32_BIT_CONVERSION = YES;
				GCC_WARN_ABOUT_RETURN_TYPE = YES_ERROR;
				GCC_WARN_UNDECLARED_SELECTOR = YES;
				GCC_WARN_UNINITIALIZED_AUTOS = YES_AGGRESSIVE;
				GCC_WARN_UNUSED_FUNCTION = YES;
				GCC_WARN_UNUSED_VARIABLE = YES;
				IPHONEOS_DEPLOYMENT_TARGET = 13.6;
				MTL_ENABLE_DEBUG_INFO = NO;
				MTL_FAST_MATH = YES;
				SDKROOT = iphoneos;
				SWIFT_COMPILATION_MODE = wholemodule;
				SWIFT_OPTIMIZATION_LEVEL = "-O";
				VALIDATE_PRODUCT = YES;
			};
			name = Release;
		};
		566D4CA0252B81710033D359 /* Debug */ = {
			isa = XCBuildConfiguration;
			baseConfigurationReference = 4AD112703ED499E0F79A3D1C /* Pods-Kiwe iOS task.debug.xcconfig */;
			buildSettings = {
				ASSETCATALOG_COMPILER_APPICON_NAME = AppIcon;
				CODE_SIGN_STYLE = Automatic;
				DEVELOPMENT_TEAM = N7XT6JZBK7;
				INFOPLIST_FILE = "Kiwe iOS task/Info.plist";
				LD_RUNPATH_SEARCH_PATHS = (
					"$(inherited)",
					"@executable_path/Frameworks",
				);
				PRODUCT_BUNDLE_IDENTIFIER = "kiwe.iOSTask.Kiwe-iOS-task";
				PRODUCT_NAME = "$(TARGET_NAME)";
				SWIFT_VERSION = 5.0;
				TARGETED_DEVICE_FAMILY = "1,2";
			};
			name = Debug;
		};
		566D4CA1252B81710033D359 /* Release */ = {
			isa = XCBuildConfiguration;
			baseConfigurationReference = 3D14486AF43ED90190D6B259 /* Pods-Kiwe iOS task.release.xcconfig */;
			buildSettings = {
				ASSETCATALOG_COMPILER_APPICON_NAME = AppIcon;
				CODE_SIGN_STYLE = Automatic;
				DEVELOPMENT_TEAM = N7XT6JZBK7;
				INFOPLIST_FILE = "Kiwe iOS task/Info.plist";
				LD_RUNPATH_SEARCH_PATHS = (
					"$(inherited)",
					"@executable_path/Frameworks",
				);
				PRODUCT_BUNDLE_IDENTIFIER = "kiwe.iOSTask.Kiwe-iOS-task";
				PRODUCT_NAME = "$(TARGET_NAME)";
				SWIFT_VERSION = 5.0;
				TARGETED_DEVICE_FAMILY = "1,2";
			};
			name = Release;
		};
/* End XCBuildConfiguration section */

/* Begin XCConfigurationList section */
		566D4C86252B81700033D359 /* Build configuration list for PBXProject "Kiwe iOS task" */ = {
			isa = XCConfigurationList;
			buildConfigurations = (
				566D4C9D252B81710033D359 /* Debug */,
				566D4C9E252B81710033D359 /* Release */,
			);
			defaultConfigurationIsVisible = 0;
			defaultConfigurationName = Release;
		};
		566D4C9F252B81710033D359 /* Build configuration list for PBXNativeTarget "Kiwe iOS task" */ = {
			isa = XCConfigurationList;
			buildConfigurations = (
				566D4CA0252B81710033D359 /* Debug */,
				566D4CA1252B81710033D359 /* Release */,
			);
			defaultConfigurationIsVisible = 0;
			defaultConfigurationName = Release;
		};
/* End XCConfigurationList section */
	};
	rootObject = 566D4C83252B81700033D359 /* Project object */;
}
